// !$*UTF8*$!
{
	archiveVersion = 1;
	classes = {
	};
	objectVersion = 46;
	objects = {

/* Begin PBXBuildFile section */
		07BF568F80DCF123CE09FFBE /* libPods.a in Frameworks */ = {isa = PBXBuildFile; fileRef = 0C4FD8C5FCF01EDE4931D759 /* libPods.a */; };
		5145C5081BC9DAD2008C2638 /* AuthManager.m in Sources */ = {isa = PBXBuildFile; fileRef = 5145C5071BC9DAD2008C2638 /* AuthManager.m */; settings = {ASSET_TAGS = (); }; };
		5145C50B1BC9E81C008C2638 /* KeychainItemWrapper.m in Sources */ = {isa = PBXBuildFile; fileRef = 5145C50A1BC9E81C008C2638 /* KeychainItemWrapper.m */; settings = {ASSET_TAGS = (); }; };
		517EDA811BC7B6D700273C27 /* main.m in Sources */ = {isa = PBXBuildFile; fileRef = 517EDA801BC7B6D700273C27 /* main.m */; };
		517EDA841BC7B6D700273C27 /* AppDelegate.m in Sources */ = {isa = PBXBuildFile; fileRef = 517EDA831BC7B6D700273C27 /* AppDelegate.m */; };
		517EDA871BC7B6D700273C27 /* ViewController.m in Sources */ = {isa = PBXBuildFile; fileRef = 517EDA861BC7B6D700273C27 /* ViewController.m */; };
		517EDA8C1BC7B6D700273C27 /* Assets.xcassets in Resources */ = {isa = PBXBuildFile; fileRef = 517EDA8B1BC7B6D700273C27 /* Assets.xcassets */; };
		517EDA8F1BC7B6D700273C27 /* Main.storyboard in Resources */ = {isa = PBXBuildFile; fileRef = 517EDA8D1BC7B6D700273C27 /* Main.storyboard */; };
		517EDA9A1BC7B6D700273C27 /* tanziTests.m in Sources */ = {isa = PBXBuildFile; fileRef = 517EDA991BC7B6D700273C27 /* tanziTests.m */; };
		517EDAA51BC7B6D700273C27 /* tanziUITests.m in Sources */ = {isa = PBXBuildFile; fileRef = 517EDAA41BC7B6D700273C27 /* tanziUITests.m */; };
		51A208101BD518D400187D6A /* FBSDKCoreKit.framework in Frameworks */ = {isa = PBXBuildFile; fileRef = 51A2080F1BD518D400187D6A /* FBSDKCoreKit.framework */; settings = {ASSET_TAGS = (); }; };
		51A208121BD5201E00187D6A /* FBSDKLoginKit.framework in Frameworks */ = {isa = PBXBuildFile; fileRef = 51A208111BD5201E00187D6A /* FBSDKLoginKit.framework */; settings = {ASSET_TAGS = (); }; };
		51A9E3AF1BD5C0190019C9EB /* LoginViewController.m in Sources */ = {isa = PBXBuildFile; fileRef = 51A9E3AE1BD5C0190019C9EB /* LoginViewController.m */; settings = {ASSET_TAGS = (); }; };
		51A9E3B11BD625B30019C9EB /* fb_logo.png in Resources */ = {isa = PBXBuildFile; fileRef = 51A9E3B01BD625B30019C9EB /* fb_logo.png */; settings = {ASSET_TAGS = (); }; };
		51A9E3B31BD66A2B0019C9EB /* account-icon.png in Resources */ = {isa = PBXBuildFile; fileRef = 51A9E3B21BD66A2B0019C9EB /* account-icon.png */; settings = {ASSET_TAGS = (); }; };
		51D3EC3F1BC80509005BE683 /* SecondViewController.m in Sources */ = {isa = PBXBuildFile; fileRef = 51D3EC3C1BC80509005BE683 /* SecondViewController.m */; settings = {ASSET_TAGS = (); }; };
		51D3EC401BC80509005BE683 /* FirstViewController.m in Sources */ = {isa = PBXBuildFile; fileRef = 51D3EC3E1BC80509005BE683 /* FirstViewController.m */; settings = {ASSET_TAGS = (); }; };
		51FCA2E41BC7FDC40080C22A /* LaunchScreen.storyboard in Resources */ = {isa = PBXBuildFile; fileRef = 51FCA2E31BC7FDC40080C22A /* LaunchScreen.storyboard */; settings = {ASSET_TAGS = (); }; };
/* End PBXBuildFile section */

/* Begin PBXContainerItemProxy section */
		517EDA961BC7B6D700273C27 /* PBXContainerItemProxy */ = {
			isa = PBXContainerItemProxy;
			containerPortal = 517EDA741BC7B6D700273C27 /* Project object */;
			proxyType = 1;
			remoteGlobalIDString = 517EDA7B1BC7B6D700273C27;
			remoteInfo = tanzi;
		};
		517EDAA11BC7B6D700273C27 /* PBXContainerItemProxy */ = {
			isa = PBXContainerItemProxy;
			containerPortal = 517EDA741BC7B6D700273C27 /* Project object */;
			proxyType = 1;
			remoteGlobalIDString = 517EDA7B1BC7B6D700273C27;
			remoteInfo = tanzi;
		};
/* End PBXContainerItemProxy section */

/* Begin PBXFileReference section */
		0C4FD8C5FCF01EDE4931D759 /* libPods.a */ = {isa = PBXFileReference; explicitFileType = archive.ar; includeInIndex = 0; path = libPods.a; sourceTree = BUILT_PRODUCTS_DIR; };
		5145C5061BC9DAD2008C2638 /* AuthManager.h */ = {isa = PBXFileReference; fileEncoding = 4; lastKnownFileType = sourcecode.c.h; path = AuthManager.h; sourceTree = "<group>"; };
		5145C5071BC9DAD2008C2638 /* AuthManager.m */ = {isa = PBXFileReference; fileEncoding = 4; lastKnownFileType = sourcecode.c.objc; path = AuthManager.m; sourceTree = "<group>"; };
		5145C5091BC9E81C008C2638 /* KeychainItemWrapper.h */ = {isa = PBXFileReference; fileEncoding = 4; lastKnownFileType = sourcecode.c.h; path = KeychainItemWrapper.h; sourceTree = "<group>"; };
		5145C50A1BC9E81C008C2638 /* KeychainItemWrapper.m */ = {isa = PBXFileReference; fileEncoding = 4; lastKnownFileType = sourcecode.c.objc; path = KeychainItemWrapper.m; sourceTree = "<group>"; };
		517EDA7C1BC7B6D700273C27 /* tanzi.app */ = {isa = PBXFileReference; explicitFileType = wrapper.application; includeInIndex = 0; path = tanzi.app; sourceTree = BUILT_PRODUCTS_DIR; };
		517EDA801BC7B6D700273C27 /* main.m */ = {isa = PBXFileReference; lastKnownFileType = sourcecode.c.objc; path = main.m; sourceTree = "<group>"; };
		517EDA821BC7B6D700273C27 /* AppDelegate.h */ = {isa = PBXFileReference; lastKnownFileType = sourcecode.c.h; path = AppDelegate.h; sourceTree = "<group>"; };
		517EDA831BC7B6D700273C27 /* AppDelegate.m */ = {isa = PBXFileReference; lastKnownFileType = sourcecode.c.objc; path = AppDelegate.m; sourceTree = "<group>"; };
		517EDA851BC7B6D700273C27 /* ViewController.h */ = {isa = PBXFileReference; lastKnownFileType = sourcecode.c.h; path = ViewController.h; sourceTree = "<group>"; };
		517EDA861BC7B6D700273C27 /* ViewController.m */ = {isa = PBXFileReference; lastKnownFileType = sourcecode.c.objc; path = ViewController.m; sourceTree = "<group>"; };
		517EDA8B1BC7B6D700273C27 /* Assets.xcassets */ = {isa = PBXFileReference; lastKnownFileType = folder.assetcatalog; path = Assets.xcassets; sourceTree = "<group>"; };
		517EDA8E1BC7B6D700273C27 /* Base */ = {isa = PBXFileReference; lastKnownFileType = file.storyboard; name = Base; path = Base.lproj/Main.storyboard; sourceTree = "<group>"; };
		517EDA901BC7B6D700273C27 /* Info.plist */ = {isa = PBXFileReference; lastKnownFileType = text.plist.xml; path = Info.plist; sourceTree = "<group>"; };
		517EDA951BC7B6D700273C27 /* tanziTests.xctest */ = {isa = PBXFileReference; explicitFileType = wrapper.cfbundle; includeInIndex = 0; path = tanziTests.xctest; sourceTree = BUILT_PRODUCTS_DIR; };
		517EDA991BC7B6D700273C27 /* tanziTests.m */ = {isa = PBXFileReference; lastKnownFileType = sourcecode.c.objc; path = tanziTests.m; sourceTree = "<group>"; };
		517EDA9B1BC7B6D700273C27 /* Info.plist */ = {isa = PBXFileReference; lastKnownFileType = text.plist.xml; path = Info.plist; sourceTree = "<group>"; };
		517EDAA01BC7B6D700273C27 /* tanziUITests.xctest */ = {isa = PBXFileReference; explicitFileType = wrapper.cfbundle; includeInIndex = 0; path = tanziUITests.xctest; sourceTree = BUILT_PRODUCTS_DIR; };
		517EDAA41BC7B6D700273C27 /* tanziUITests.m */ = {isa = PBXFileReference; lastKnownFileType = sourcecode.c.objc; path = tanziUITests.m; sourceTree = "<group>"; };
		517EDAA61BC7B6D700273C27 /* Info.plist */ = {isa = PBXFileReference; lastKnownFileType = text.plist.xml; path = Info.plist; sourceTree = "<group>"; };
		51A2080F1BD518D400187D6A /* FBSDKCoreKit.framework */ = {isa = PBXFileReference; lastKnownFileType = wrapper.framework; name = FBSDKCoreKit.framework; path = ../../../Documents/FacebookSDK/FBSDKCoreKit.framework; sourceTree = "<group>"; };
		51A208111BD5201E00187D6A /* FBSDKLoginKit.framework */ = {isa = PBXFileReference; lastKnownFileType = wrapper.framework; name = FBSDKLoginKit.framework; path = ../../../Documents/FacebookSDK/FBSDKLoginKit.framework; sourceTree = "<group>"; };
		51A9E3AD1BD5C0190019C9EB /* LoginViewController.h */ = {isa = PBXFileReference; fileEncoding = 4; lastKnownFileType = sourcecode.c.h; path = LoginViewController.h; sourceTree = "<group>"; };
		51A9E3AE1BD5C0190019C9EB /* LoginViewController.m */ = {isa = PBXFileReference; fileEncoding = 4; lastKnownFileType = sourcecode.c.objc; path = LoginViewController.m; sourceTree = "<group>"; };
		51A9E3B01BD625B30019C9EB /* fb_logo.png */ = {isa = PBXFileReference; lastKnownFileType = image.png; name = fb_logo.png; path = tanzi/Assets.xcassets/fb_logo.png; sourceTree = "<group>"; };
		51A9E3B21BD66A2B0019C9EB /* account-icon.png */ = {isa = PBXFileReference; lastKnownFileType = image.png; name = "account-icon.png"; path = "tanzi/Assets.xcassets/account-icon.png"; sourceTree = "<group>"; };
		51D3EC3B1BC80509005BE683 /* SecondViewController.h */ = {isa = PBXFileReference; fileEncoding = 4; lastKnownFileType = sourcecode.c.h; path = SecondViewController.h; sourceTree = "<group>"; };
		51D3EC3C1BC80509005BE683 /* SecondViewController.m */ = {isa = PBXFileReference; fileEncoding = 4; lastKnownFileType = sourcecode.c.objc; path = SecondViewController.m; sourceTree = "<group>"; };
		51D3EC3D1BC80509005BE683 /* FirstViewController.h */ = {isa = PBXFileReference; fileEncoding = 4; lastKnownFileType = sourcecode.c.h; path = FirstViewController.h; sourceTree = "<group>"; };
		51D3EC3E1BC80509005BE683 /* FirstViewController.m */ = {isa = PBXFileReference; fileEncoding = 4; lastKnownFileType = sourcecode.c.objc; path = FirstViewController.m; sourceTree = "<group>"; };
		51FCA2E31BC7FDC40080C22A /* LaunchScreen.storyboard */ = {isa = PBXFileReference; fileEncoding = 4; lastKnownFileType = file.storyboard; path = LaunchScreen.storyboard; sourceTree = "<group>"; };
		9A90D8FEC08CFEAEE7BECDF7 /* Pods.release.xcconfig */ = {isa = PBXFileReference; includeInIndex = 1; lastKnownFileType = text.xcconfig; name = Pods.release.xcconfig; path = "Pods/Target Support Files/Pods/Pods.release.xcconfig"; sourceTree = "<group>"; };
		B8F3AFEC7D9321221009EDB0 /* Pods.debug.xcconfig */ = {isa = PBXFileReference; includeInIndex = 1; lastKnownFileType = text.xcconfig; name = Pods.debug.xcconfig; path = "Pods/Target Support Files/Pods/Pods.debug.xcconfig"; sourceTree = "<group>"; };
/* End PBXFileReference section */

/* Begin PBXFrameworksBuildPhase section */
		517EDA791BC7B6D700273C27 /* Frameworks */ = {
			isa = PBXFrameworksBuildPhase;
			buildActionMask = 2147483647;
			files = (
				07BF568F80DCF123CE09FFBE /* libPods.a in Frameworks */,
				51A208101BD518D400187D6A /* FBSDKCoreKit.framework in Frameworks */,
				51A208121BD5201E00187D6A /* FBSDKLoginKit.framework in Frameworks */,
			);
			runOnlyForDeploymentPostprocessing = 0;
		};
		517EDA921BC7B6D700273C27 /* Frameworks */ = {
			isa = PBXFrameworksBuildPhase;
			buildActionMask = 2147483647;
			files = (
			);
			runOnlyForDeploymentPostprocessing = 0;
		};
		517EDA9D1BC7B6D700273C27 /* Frameworks */ = {
			isa = PBXFrameworksBuildPhase;
			buildActionMask = 2147483647;
			files = (
			);
			runOnlyForDeploymentPostprocessing = 0;
		};
/* End PBXFrameworksBuildPhase section */

/* Begin PBXGroup section */
		517EDA731BC7B6D700273C27 = {
			isa = PBXGroup;
			children = (
				51A9E3B21BD66A2B0019C9EB /* account-icon.png */,
				51A9E3B01BD625B30019C9EB /* fb_logo.png */,
				517EDA7E1BC7B6D700273C27 /* tanzi */,
				517EDA981BC7B6D700273C27 /* tanziTests */,
				517EDAA31BC7B6D700273C27 /* tanziUITests */,
				517EDA7D1BC7B6D700273C27 /* Products */,
				D8D2222394393FCDB355542B /* Pods */,
				CE219FCA8237721903F5657F /* Frameworks */,
			);
			sourceTree = "<group>";
		};
		517EDA7D1BC7B6D700273C27 /* Products */ = {
			isa = PBXGroup;
			children = (
				517EDA7C1BC7B6D700273C27 /* tanzi.app */,
				517EDA951BC7B6D700273C27 /* tanziTests.xctest */,
				517EDAA01BC7B6D700273C27 /* tanziUITests.xctest */,
			);
			name = Products;
			sourceTree = "<group>";
		};
		517EDA7E1BC7B6D700273C27 /* tanzi */ = {
			isa = PBXGroup;
			children = (
				517EDA821BC7B6D700273C27 /* AppDelegate.h */,
				517EDA831BC7B6D700273C27 /* AppDelegate.m */,
				517EDA8B1BC7B6D700273C27 /* Assets.xcassets */,
				5145C5061BC9DAD2008C2638 /* AuthManager.h */,
				5145C5071BC9DAD2008C2638 /* AuthManager.m */,
				51D3EC3D1BC80509005BE683 /* FirstViewController.h */,
				51D3EC3E1BC80509005BE683 /* FirstViewController.m */,
				517EDA901BC7B6D700273C27 /* Info.plist */,
				5145C5091BC9E81C008C2638 /* KeychainItemWrapper.h */,
				5145C50A1BC9E81C008C2638 /* KeychainItemWrapper.m */,
				51FCA2E31BC7FDC40080C22A /* LaunchScreen.storyboard */,
				517EDA8D1BC7B6D700273C27 /* Main.storyboard */,
				51D3EC3B1BC80509005BE683 /* SecondViewController.h */,
				51D3EC3C1BC80509005BE683 /* SecondViewController.m */,
				517EDA851BC7B6D700273C27 /* ViewController.h */,
				517EDA861BC7B6D700273C27 /* ViewController.m */,
				517EDA7F1BC7B6D700273C27 /* Supporting Files */,
				51A9E3AD1BD5C0190019C9EB /* LoginViewController.h */,
				51A9E3AE1BD5C0190019C9EB /* LoginViewController.m */,
			);
			path = tanzi;
			sourceTree = "<group>";
		};
		517EDA7F1BC7B6D700273C27 /* Supporting Files */ = {
			isa = PBXGroup;
			children = (
				517EDA801BC7B6D700273C27 /* main.m */,
			);
			name = "Supporting Files";
			sourceTree = "<group>";
		};
		517EDA981BC7B6D700273C27 /* tanziTests */ = {
			isa = PBXGroup;
			children = (
				517EDA991BC7B6D700273C27 /* tanziTests.m */,
				517EDA9B1BC7B6D700273C27 /* Info.plist */,
			);
			path = tanziTests;
			sourceTree = "<group>";
		};
		517EDAA31BC7B6D700273C27 /* tanziUITests */ = {
			isa = PBXGroup;
			children = (
				517EDAA41BC7B6D700273C27 /* tanziUITests.m */,
				517EDAA61BC7B6D700273C27 /* Info.plist */,
			);
			path = tanziUITests;
			sourceTree = "<group>";
		};
		CE219FCA8237721903F5657F /* Frameworks */ = {
			isa = PBXGroup;
			children = (
				51A208111BD5201E00187D6A /* FBSDKLoginKit.framework */,
				51A2080F1BD518D400187D6A /* FBSDKCoreKit.framework */,
				0C4FD8C5FCF01EDE4931D759 /* libPods.a */,
			);
			name = Frameworks;
			sourceTree = "<group>";
		};
		D8D2222394393FCDB355542B /* Pods */ = {
			isa = PBXGroup;
			children = (
				B8F3AFEC7D9321221009EDB0 /* Pods.debug.xcconfig */,
				9A90D8FEC08CFEAEE7BECDF7 /* Pods.release.xcconfig */,
			);
			name = Pods;
			sourceTree = "<group>";
		};
/* End PBXGroup section */

/* Begin PBXNativeTarget section */
		517EDA7B1BC7B6D700273C27 /* tanzi */ = {
			isa = PBXNativeTarget;
			buildConfigurationList = 517EDAA91BC7B6D700273C27 /* Build configuration list for PBXNativeTarget "tanzi" */;
			buildPhases = (
				6F1D37F1AB24CB2D612EEEE4 /* Check Pods Manifest.lock */,
				517EDA781BC7B6D700273C27 /* Sources */,
				517EDA791BC7B6D700273C27 /* Frameworks */,
				517EDA7A1BC7B6D700273C27 /* Resources */,
				6CCC81624548C8A4359D0301 /* Copy Pods Resources */,
			);
			buildRules = (
			);
			dependencies = (
			);
			name = tanzi;
			productName = tanzi;
			productReference = 517EDA7C1BC7B6D700273C27 /* tanzi.app */;
			productType = "com.apple.product-type.application";
		};
		517EDA941BC7B6D700273C27 /* tanziTests */ = {
			isa = PBXNativeTarget;
			buildConfigurationList = 517EDAAC1BC7B6D700273C27 /* Build configuration list for PBXNativeTarget "tanziTests" */;
			buildPhases = (
				517EDA911BC7B6D700273C27 /* Sources */,
				517EDA921BC7B6D700273C27 /* Frameworks */,
				517EDA931BC7B6D700273C27 /* Resources */,
			);
			buildRules = (
			);
			dependencies = (
				517EDA971BC7B6D700273C27 /* PBXTargetDependency */,
			);
			name = tanziTests;
			productName = tanziTests;
			productReference = 517EDA951BC7B6D700273C27 /* tanziTests.xctest */;
			productType = "com.apple.product-type.bundle.unit-test";
		};
		517EDA9F1BC7B6D700273C27 /* tanziUITests */ = {
			isa = PBXNativeTarget;
			buildConfigurationList = 517EDAAF1BC7B6D700273C27 /* Build configuration list for PBXNativeTarget "tanziUITests" */;
			buildPhases = (
				517EDA9C1BC7B6D700273C27 /* Sources */,
				517EDA9D1BC7B6D700273C27 /* Frameworks */,
				517EDA9E1BC7B6D700273C27 /* Resources */,
			);
			buildRules = (
			);
			dependencies = (
				517EDAA21BC7B6D700273C27 /* PBXTargetDependency */,
			);
			name = tanziUITests;
			productName = tanziUITests;
			productReference = 517EDAA01BC7B6D700273C27 /* tanziUITests.xctest */;
			productType = "com.apple.product-type.bundle.ui-testing";
		};
/* End PBXNativeTarget section */

/* Begin PBXProject section */
		517EDA741BC7B6D700273C27 /* Project object */ = {
			isa = PBXProject;
			attributes = {
				LastUpgradeCheck = 0700;
				ORGANIZATIONNAME = Dynasty;
				TargetAttributes = {
					517EDA7B1BC7B6D700273C27 = {
						CreatedOnToolsVersion = 7.0;
					};
					517EDA941BC7B6D700273C27 = {
						CreatedOnToolsVersion = 7.0;
						TestTargetID = 517EDA7B1BC7B6D700273C27;
					};
					517EDA9F1BC7B6D700273C27 = {
						CreatedOnToolsVersion = 7.0;
						TestTargetID = 517EDA7B1BC7B6D700273C27;
					};
				};
			};
			buildConfigurationList = 517EDA771BC7B6D700273C27 /* Build configuration list for PBXProject "tanzi" */;
			compatibilityVersion = "Xcode 3.2";
			developmentRegion = English;
			hasScannedForEncodings = 0;
			knownRegions = (
				en,
				Base,
			);
			mainGroup = 517EDA731BC7B6D700273C27;
			productRefGroup = 517EDA7D1BC7B6D700273C27 /* Products */;
			projectDirPath = "";
			projectRoot = "";
			targets = (
				517EDA7B1BC7B6D700273C27 /* tanzi */,
				517EDA941BC7B6D700273C27 /* tanziTests */,
				517EDA9F1BC7B6D700273C27 /* tanziUITests */,
			);
		};
/* End PBXProject section */

/* Begin PBXResourcesBuildPhase section */
		517EDA7A1BC7B6D700273C27 /* Resources */ = {
			isa = PBXResourcesBuildPhase;
			buildActionMask = 2147483647;
			files = (
				51A9E3B31BD66A2B0019C9EB /* account-icon.png in Resources */,
				51FCA2E41BC7FDC40080C22A /* LaunchScreen.storyboard in Resources */,
				517EDA8F1BC7B6D700273C27 /* Main.storyboard in Resources */,
				51A9E3B11BD625B30019C9EB /* fb_logo.png in Resources */,
				517EDA8C1BC7B6D700273C27 /* Assets.xcassets in Resources */,
			);
			runOnlyForDeploymentPostprocessing = 0;
		};
		517EDA931BC7B6D700273C27 /* Resources */ = {
			isa = PBXResourcesBuildPhase;
			buildActionMask = 2147483647;
			files = (
			);
			runOnlyForDeploymentPostprocessing = 0;
		};
		517EDA9E1BC7B6D700273C27 /* Resources */ = {
			isa = PBXResourcesBuildPhase;
			buildActionMask = 2147483647;
			files = (
			);
			runOnlyForDeploymentPostprocessing = 0;
		};
/* End PBXResourcesBuildPhase section */

/* Begin PBXShellScriptBuildPhase section */
		6CCC81624548C8A4359D0301 /* Copy Pods Resources */ = {
			isa = PBXShellScriptBuildPhase;
			buildActionMask = 2147483647;
			files = (
			);
			inputPaths = (
			);
			name = "Copy Pods Resources";
			outputPaths = (
			);
			runOnlyForDeploymentPostprocessing = 0;
			shellPath = /bin/sh;
			shellScript = "\"${SRCROOT}/Pods/Target Support Files/Pods/Pods-resources.sh\"\n";
			showEnvVarsInLog = 0;
		};
		6F1D37F1AB24CB2D612EEEE4 /* Check Pods Manifest.lock */ = {
			isa = PBXShellScriptBuildPhase;
			buildActionMask = 2147483647;
			files = (
			);
			inputPaths = (
			);
			name = "Check Pods Manifest.lock";
			outputPaths = (
			);
			runOnlyForDeploymentPostprocessing = 0;
			shellPath = /bin/sh;
			shellScript = "diff \"${PODS_ROOT}/../Podfile.lock\" \"${PODS_ROOT}/Manifest.lock\" > /dev/null\nif [[ $? != 0 ]] ; then\n    cat << EOM\nerror: The sandbox is not in sync with the Podfile.lock. Run 'pod install' or update your CocoaPods installation.\nEOM\n    exit 1\nfi\n";
			showEnvVarsInLog = 0;
		};
/* End PBXShellScriptBuildPhase section */

/* Begin PBXSourcesBuildPhase section */
		517EDA781BC7B6D700273C27 /* Sources */ = {
			isa = PBXSourcesBuildPhase;
			buildActionMask = 2147483647;
			files = (
				51A9E3AF1BD5C0190019C9EB /* LoginViewController.m in Sources */,
				51D3EC3F1BC80509005BE683 /* SecondViewController.m in Sources */,
				5145C5081BC9DAD2008C2638 /* AuthManager.m in Sources */,
				517EDA871BC7B6D700273C27 /* ViewController.m in Sources */,
				51D3EC401BC80509005BE683 /* FirstViewController.m in Sources */,
				517EDA841BC7B6D700273C27 /* AppDelegate.m in Sources */,
				517EDA811BC7B6D700273C27 /* main.m in Sources */,
				5145C50B1BC9E81C008C2638 /* KeychainItemWrapper.m in Sources */,
			);
			runOnlyForDeploymentPostprocessing = 0;
		};
		517EDA911BC7B6D700273C27 /* Sources */ = {
			isa = PBXSourcesBuildPhase;
			buildActionMask = 2147483647;
			files = (
				517EDA9A1BC7B6D700273C27 /* tanziTests.m in Sources */,
			);
			runOnlyForDeploymentPostprocessing = 0;
		};
		517EDA9C1BC7B6D700273C27 /* Sources */ = {
			isa = PBXSourcesBuildPhase;
			buildActionMask = 2147483647;
			files = (
				517EDAA51BC7B6D700273C27 /* tanziUITests.m in Sources */,
			);
			runOnlyForDeploymentPostprocessing = 0;
		};
/* End PBXSourcesBuildPhase section */

/* Begin PBXTargetDependency section */
		517EDA971BC7B6D700273C27 /* PBXTargetDependency */ = {
			isa = PBXTargetDependency;
			target = 517EDA7B1BC7B6D700273C27 /* tanzi */;
			targetProxy = 517EDA961BC7B6D700273C27 /* PBXContainerItemProxy */;
		};
		517EDAA21BC7B6D700273C27 /* PBXTargetDependency */ = {
			isa = PBXTargetDependency;
			target = 517EDA7B1BC7B6D700273C27 /* tanzi */;
			targetProxy = 517EDAA11BC7B6D700273C27 /* PBXContainerItemProxy */;
		};
/* End PBXTargetDependency section */

/* Begin PBXVariantGroup section */
		517EDA8D1BC7B6D700273C27 /* Main.storyboard */ = {
			isa = PBXVariantGroup;
			children = (
				517EDA8E1BC7B6D700273C27 /* Base */,
			);
			name = Main.storyboard;
			sourceTree = "<group>";
		};
/* End PBXVariantGroup section */

/* Begin XCBuildConfiguration section */
		517EDAA71BC7B6D700273C27 /* Debug */ = {
			isa = XCBuildConfiguration;
			buildSettings = {
				ALWAYS_SEARCH_USER_PATHS = NO;
				CLANG_CXX_LANGUAGE_STANDARD = "gnu++0x";
				CLANG_CXX_LIBRARY = "libc++";
				CLANG_ENABLE_MODULES = YES;
				CLANG_ENABLE_OBJC_ARC = YES;
				CLANG_WARN_BOOL_CONVERSION = YES;
				CLANG_WARN_CONSTANT_CONVERSION = YES;
				CLANG_WARN_DIRECT_OBJC_ISA_USAGE = YES_ERROR;
				CLANG_WARN_EMPTY_BODY = YES;
				CLANG_WARN_ENUM_CONVERSION = YES;
				CLANG_WARN_INT_CONVERSION = YES;
				CLANG_WARN_OBJC_ROOT_CLASS = YES_ERROR;
				CLANG_WARN_UNREACHABLE_CODE = YES;
				CLANG_WARN__DUPLICATE_METHOD_MATCH = YES;
				"CODE_SIGN_IDENTITY[sdk=iphoneos*]" = "iPhone Developer";
				COPY_PHASE_STRIP = NO;
				DEBUG_INFORMATION_FORMAT = dwarf;
				ENABLE_STRICT_OBJC_MSGSEND = YES;
				ENABLE_TESTABILITY = YES;
				GCC_C_LANGUAGE_STANDARD = gnu99;
				GCC_DYNAMIC_NO_PIC = NO;
				GCC_NO_COMMON_BLOCKS = YES;
				GCC_OPTIMIZATION_LEVEL = 0;
				GCC_PREPROCESSOR_DEFINITIONS = (
					"DEBUG=1",
					"$(inherited)",
				);
				GCC_WARN_64_TO_32_BIT_CONVERSION = YES;
				GCC_WARN_ABOUT_RETURN_TYPE = YES_ERROR;
				GCC_WARN_UNDECLARED_SELECTOR = YES;
				GCC_WARN_UNINITIALIZED_AUTOS = YES_AGGRESSIVE;
				GCC_WARN_UNUSED_FUNCTION = YES;
				GCC_WARN_UNUSED_VARIABLE = YES;
				IPHONEOS_DEPLOYMENT_TARGET = 9.0;
				MTL_ENABLE_DEBUG_INFO = YES;
				ONLY_ACTIVE_ARCH = YES;
				SDKROOT = iphoneos;
			};
			name = Debug;
		};
		517EDAA81BC7B6D700273C27 /* Release */ = {
			isa = XCBuildConfiguration;
			buildSettings = {
				ALWAYS_SEARCH_USER_PATHS = NO;
				CLANG_CXX_LANGUAGE_STANDARD = "gnu++0x";
				CLANG_CXX_LIBRARY = "libc++";
				CLANG_ENABLE_MODULES = YES;
				CLANG_ENABLE_OBJC_ARC = YES;
				CLANG_WARN_BOOL_CONVERSION = YES;
				CLANG_WARN_CONSTANT_CONVERSION = YES;
				CLANG_WARN_DIRECT_OBJC_ISA_USAGE = YES_ERROR;
				CLANG_WARN_EMPTY_BODY = YES;
				CLANG_WARN_ENUM_CONVERSION = YES;
				CLANG_WARN_INT_CONVERSION = YES;
				CLANG_WARN_OBJC_ROOT_CLASS = YES_ERROR;
				CLANG_WARN_UNREACHABLE_CODE = YES;
				CLANG_WARN__DUPLICATE_METHOD_MATCH = YES;
				"CODE_SIGN_IDENTITY[sdk=iphoneos*]" = "iPhone Developer";
				COPY_PHASE_STRIP = NO;
				DEBUG_INFORMATION_FORMAT = "dwarf-with-dsym";
				ENABLE_NS_ASSERTIONS = NO;
				ENABLE_STRICT_OBJC_MSGSEND = YES;
				GCC_C_LANGUAGE_STANDARD = gnu99;
				GCC_NO_COMMON_BLOCKS = YES;
				GCC_WARN_64_TO_32_BIT_CONVERSION = YES;
				GCC_WARN_ABOUT_RETURN_TYPE = YES_ERROR;
				GCC_WARN_UNDECLARED_SELECTOR = YES;
				GCC_WARN_UNINITIALIZED_AUTOS = YES_AGGRESSIVE;
				GCC_WARN_UNUSED_FUNCTION = YES;
				GCC_WARN_UNUSED_VARIABLE = YES;
				IPHONEOS_DEPLOYMENT_TARGET = 9.0;
				MTL_ENABLE_DEBUG_INFO = NO;
				SDKROOT = iphoneos;
				VALIDATE_PRODUCT = YES;
			};
			name = Release;
		};
		517EDAAA1BC7B6D700273C27 /* Debug */ = {
			isa = XCBuildConfiguration;
			baseConfigurationReference = B8F3AFEC7D9321221009EDB0 /* Pods.debug.xcconfig */;
			buildSettings = {
				ASSETCATALOG_COMPILER_APPICON_NAME = AppIcon;
				ENABLE_BITCODE = NO;
				"FRAMEWORK_SEARCH_PATHS[arch=*]" = /Users/lucan/Documents/FacebookSDK;
				INFOPLIST_FILE = tanzi/Info.plist;
				LD_RUNPATH_SEARCH_PATHS = "$(inherited) @executable_path/Frameworks";
				PRODUCT_BUNDLE_IDENTIFIER = com.lucanchen.tanzi;
				PRODUCT_NAME = "$(TARGET_NAME)";
			};
			name = Debug;
		};
		517EDAAB1BC7B6D700273C27 /* Release */ = {
			isa = XCBuildConfiguration;
			baseConfigurationReference = 9A90D8FEC08CFEAEE7BECDF7 /* Pods.release.xcconfig */;
			buildSettings = {
				ASSETCATALOG_COMPILER_APPICON_NAME = AppIcon;
				ENABLE_BITCODE = NO;
				"FRAMEWORK_SEARCH_PATHS[arch=*]" = /Users/lucan/Documents/FacebookSDK/;
				INFOPLIST_FILE = tanzi/Info.plist;
				LD_RUNPATH_SEARCH_PATHS = "$(inherited) @executable_path/Frameworks";
				PRODUCT_BUNDLE_IDENTIFIER = com.lucanchen.tanzi;
				PRODUCT_NAME = "$(TARGET_NAME)";
			};
			name = Release;
		};
		517EDAAD1BC7B6D700273C27 /* Debug */ = {
			isa = XCBuildConfiguration;
			buildSettings = {
				BUNDLE_LOADER = "$(TEST_HOST)";
				INFOPLIST_FILE = tanziTests/Info.plist;
				LD_RUNPATH_SEARCH_PATHS = "$(inherited) @executable_path/Frameworks @loader_path/Frameworks";
				PRODUCT_BUNDLE_IDENTIFIER = com.lucanchen.tanziTests;
				PRODUCT_NAME = "$(TARGET_NAME)";
				TEST_HOST = "$(BUILT_PRODUCTS_DIR)/tanzi.app/tanzi";
			};
			name = Debug;
		};
		517EDAAE1BC7B6D700273C27 /* Release */ = {
			isa = XCBuildConfiguration;
			buildSettings = {
				BUNDLE_LOADER = "$(TEST_HOST)";
				INFOPLIST_FILE = tanziTests/Info.plist;
				LD_RUNPATH_SEARCH_PATHS = "$(inherited) @executable_path/Frameworks @loader_path/Frameworks";
				PRODUCT_BUNDLE_IDENTIFIER = com.lucanchen.tanziTests;
				PRODUCT_NAME = "$(TARGET_NAME)";
				TEST_HOST = "$(BUILT_PRODUCTS_DIR)/tanzi.app/tanzi";
			};
			name = Release;
		};
		517EDAB01BC7B6D700273C27 /* Debug */ = {
			isa = XCBuildConfiguration;
			buildSettings = {
				INFOPLIST_FILE = tanziUITests/Info.plist;
				LD_RUNPATH_SEARCH_PATHS = "$(inherited) @executable_path/Frameworks @loader_path/Frameworks";
				PRODUCT_BUNDLE_IDENTIFIER = com.lucanchen.tanziUITests;
				PRODUCT_NAME = "$(TARGET_NAME)";
				TEST_TARGET_NAME = tanzi;
				USES_XCTRUNNER = YES;
			};
			name = Debug;
		};
		517EDAB11BC7B6D700273C27 /* Release */ = {
			isa = XCBuildConfiguration;
			buildSettings = {
				INFOPLIST_FILE = tanziUITests/Info.plist;
				LD_RUNPATH_SEARCH_PATHS = "$(inherited) @executable_path/Frameworks @loader_path/Frameworks";
				PRODUCT_BUNDLE_IDENTIFIER = com.lucanchen.tanziUITests;
				PRODUCT_NAME = "$(TARGET_NAME)";
				TEST_TARGET_NAME = tanzi;
				USES_XCTRUNNER = YES;
			};
			name = Release;
		};
/* End XCBuildConfiguration section */

/* Begin XCConfigurationList section */
		517EDA771BC7B6D700273C27 /* Build configuration list for PBXProject "tanzi" */ = {
			isa = XCConfigurationList;
			buildConfigurations = (
				517EDAA71BC7B6D700273C27 /* Debug */,
				517EDAA81BC7B6D700273C27 /* Release */,
			);
			defaultConfigurationIsVisible = 0;
			defaultConfigurationName = Release;
		};
		517EDAA91BC7B6D700273C27 /* Build configuration list for PBXNativeTarget "tanzi" */ = {
			isa = XCConfigurationList;
			buildConfigurations = (
				517EDAAA1BC7B6D700273C27 /* Debug */,
				517EDAAB1BC7B6D700273C27 /* Release */,
			);
			defaultConfigurationIsVisible = 0;
			defaultConfigurationName = Release;
		};
		517EDAAC1BC7B6D700273C27 /* Build configuration list for PBXNativeTarget "tanziTests" */ = {
			isa = XCConfigurationList;
			buildConfigurations = (
				517EDAAD1BC7B6D700273C27 /* Debug */,
				517EDAAE1BC7B6D700273C27 /* Release */,
			);
			defaultConfigurationIsVisible = 0;
			defaultConfigurationName = Release;
		};
		517EDAAF1BC7B6D700273C27 /* Build configuration list for PBXNativeTarget "tanziUITests" */ = {
			isa = XCConfigurationList;
			buildConfigurations = (
				517EDAB01BC7B6D700273C27 /* Debug */,
				517EDAB11BC7B6D700273C27 /* Release */,
			);
			defaultConfigurationIsVisible = 0;
			defaultConfigurationName = Release;
		};
/* End XCConfigurationList section */
	};
	rootObject = 517EDA741BC7B6D700273C27 /* Project object */;
}
